
Microsoft Visual Studio Solution File, Format Version 12.00
# Visual Studio 15
VisualStudioVersion = 15.0.28010.2026
MinimumVisualStudioVersion = 10.0.40219.1
Project("{FAE04EC0-301F-11D3-BF4B-00C04F79EFBC}") = "Systeme", "Systeme\Systeme.csproj", "{A691701B-8CE0-49EA-986A-80269020476B}"
EndProject
Global
	GlobalSection(SolutionConfigurationPlatforms) = preSolution
		Debug|Any CPU = Debug|Any CPU
		Release|Any CPU = Release|Any CPU
	EndGlobalSection
	GlobalSection(ProjectConfigurationPlatforms) = postSolution
		{A691701B-8CE0-49EA-986A-80269020476B}.Debug|Any CPU.ActiveCfg = Debug|Any CPU
		{A691701B-8CE0-49EA-986A-80269020476B}.Debug|Any CPU.Build.0 = Debug|Any CPU
		{A691701B-8CE0-49EA-986A-80269020476B}.Release|Any CPU.ActiveCfg = Release|Any CPU
		{A691701B-8CE0-49EA-986A-80269020476B}.Release|Any CPU.Build.0 = Release|Any CPU
	EndGlobalSection
	GlobalSection(SolutionProperties) = preSolution
		HideSolutionNode = FALSE
	EndGlobalSection
	GlobalSection(ExtensibilityGlobals) = postSolution
		SolutionGuid = {B24800E3-9EFC-4751-B2BC-AC2D569E4924}
	EndGlobalSection
EndGlobal
